{
  "name": "appium-twitter",
  "version": "1.0.0",
  "lockfileVersion": 1,
  "requires": true,
  "dependencies": {
    "wdio-appium-service": {
      "version": "0.2.3",
      "resolved": "https://registry.npmjs.org/wdio-appium-service/-/wdio-appium-service-0.2.3.tgz",
      "integrity": "sha1-mIxcVFsGuhhOYkX0muhCAHH6QAk=",
      "dev": true
    }
  }
}
